
Microsoft Visual Studio Solution File, Format Version 12.00
# Visual Studio Version 16
VisualStudioVersion = 16.0.31205.134
MinimumVisualStudioVersion = 10.0.40219.1
Project("{FAE04EC0-301F-11D3-BF4B-00C04F79EFBC}") = "Serialization and Deserialization", "Serialization and Deserialization.csproj", "{C1067230-E44F-4BDF-973F-729A692E70A0}"
EndProject
Global
	GlobalSection(SolutionConfigurationPlatforms) = preSolution
		Debug|Any CPU = Debug|Any CPU
		Release|Any CPU = Release|Any CPU
	EndGlobalSection
	GlobalSection(ProjectConfigurationPlatforms) = postSolution
		{C1067230-E44F-4BDF-973F-729A692E70A0}.Debug|Any CPU.ActiveCfg = Debug|Any CPU
		{C1067230-E44F-4BDF-973F-729A692E70A0}.Debug|Any CPU.Build.0 = Debug|Any CPU
		{C1067230-E44F-4BDF-973F-729A692E70A0}.Release|Any CPU.ActiveCfg = Release|Any CPU
		{C1067230-E44F-4BDF-973F-729A692E70A0}.Release|Any CPU.Build.0 = Release|Any CPU
	EndGlobalSection
	GlobalSection(SolutionProperties) = preSolution
		HideSolutionNode = FALSE
	EndGlobalSection
	GlobalSection(ExtensibilityGlobals) = postSolution
		SolutionGuid = {51286EF4-3598-43E8-BA4A-F7FD07B58368}
	EndGlobalSection
EndGlobal
